
Microsoft Visual Studio Solution File, Format Version 12.00
# Visual Studio 2013
VisualStudioVersion = 12.0.30501.0
MinimumVisualStudioVersion = 10.0.40219.1
Project("{FAE04EC0-301F-11D3-BF4B-00C04F79EFBC}") = "StargateGolf", "StargateGolf\StargateGolf\StargateGolf.csproj", "{2765E0B1-FABD-4D2E-8380-247EF1EAC392}"
EndProject
Project("{96E2B04D-8817-42C6-938A-82C39BA4D311}") = "StargateGolfContent", "StargateGolf\StargateGolfContent\StargateGolfContent.contentproj", "{0D02C57B-DBC1-482C-83DB-3957CF5B1729}"
EndProject
Global
	GlobalSection(SolutionConfigurationPlatforms) = preSolution
		Debug|x86 = Debug|x86
		Release|x86 = Release|x86
	EndGlobalSection
	GlobalSection(ProjectConfigurationPlatforms) = postSolution
		{2765E0B1-FABD-4D2E-8380-247EF1EAC392}.Debug|x86.ActiveCfg = Debug|x86
		{2765E0B1-FABD-4D2E-8380-247EF1EAC392}.Debug|x86.Build.0 = Debug|x86
		{2765E0B1-FABD-4D2E-8380-247EF1EAC392}.Release|x86.ActiveCfg = Release|x86
		{2765E0B1-FABD-4D2E-8380-247EF1EAC392}.Release|x86.Build.0 = Release|x86
		{0D02C57B-DBC1-482C-83DB-3957CF5B1729}.Debug|x86.ActiveCfg = Debug|x86
		{0D02C57B-DBC1-482C-83DB-3957CF5B1729}.Release|x86.ActiveCfg = Release|x86
	EndGlobalSection
	GlobalSection(SolutionProperties) = preSolution
		HideSolutionNode = FALSE
	EndGlobalSection
EndGlobal
